
Microsoft Visual Studio Solution File, Format Version 11.00
# Visual Studio 2010
Project("{8BC9CEB8-8B4A-11D0-8D11-00A0C91BC942}") = "NYOJ276_CompareLettersSize", "NYOJ276_CompareLettersSize\NYOJ276_CompareLettersSize.vcxproj", "{20061962-AEAF-4E18-9F62-12C327F48EA7}"
EndProject
Project("{8BC9CEB8-8B4A-11D0-8D11-00A0C91BC942}") = "NYOJ025_FamousMusicComposer", "NYOJ025_FamousMusicComposer\NYOJ025_FamousMusicComposer.vcxproj", "{31500CDE-0898-4CD9-B03B-1BAEA49AB0A1}"
EndProject
Project("{8BC9CEB8-8B4A-11D0-8D11-00A0C91BC942}") = "NYOJ255_RandomNumberofCXiaojia", "NYOJ255_RandomNumberofCXiaojia\NYOJ255_RandomNumberofCXiaojia.vcxproj", "{AAAF411B-5385-4DCC-9288-7F9F6A0B2121}"
EndProject
Project("{8BC9CEB8-8B4A-11D0-8D11-00A0C91BC942}") = "NYOJ273_SmallGameofLetter", "NYOJ273_SmallGameofLetter\NYOJ273_SmallGameofLetter.vcxproj", "{AC2A176B-4BEE-4307-B47F-F013CA67D4E2}"
EndProject
Project("{8BC9CEB8-8B4A-11D0-8D11-00A0C91BC942}") = "TecentHackathon_ImageMatching", "TecentHackathon_ImageMatching\TecentHackathon_ImageMatching.vcxproj", "{4E8E9497-B006-4295-80AE-4F925F336A19}"
EndProject
Project("{8BC9CEB8-8B4A-11D0-8D11-00A0C91BC942}") = "HOJ4506_HelpXiaoming", "HOJ4506_HelpXiaoming\HOJ4506_HelpXiaoming.vcxproj", "{33AFB838-4A1F-4FB1-B4C7-7880602AD3C8}"
EndProject
Project("{8BC9CEB8-8B4A-11D0-8D11-00A0C91BC942}") = "TecentHackathon_ForthPreliminary", "TecentHackathon_ForthPreliminary\TecentHackathon_ForthPreliminary.vcxproj", "{CA48BB60-2541-41C7-8760-02E9C2335D17}"
EndProject
Project("{8BC9CEB8-8B4A-11D0-8D11-00A0C91BC942}") = "HOJ4500_SmallQSeriesofStories-CockWireCounteroffensives", "HOJ4500_SmallQSeriesofStories-CockWireCounteroffensives\HOJ4500_SmallQSeriesofStories-CockWireCounteroffensives.vcxproj", "{5AE65DEE-233B-42F2-AB0C-B539D3F926EB}"
EndProject
Project("{8BC9CEB8-8B4A-11D0-8D11-00A0C91BC942}") = "TecentHackathon_QuarterFinal", "TecentHackathon_QuarterFinal\TecentHackathon_QuarterFinal.vcxproj", "{FA6BCDDB-A329-46C7-A2DD-49661D39B516}"
EndProject
Project("{8BC9CEB8-8B4A-11D0-8D11-00A0C91BC942}") = "WS_Test", "WS_Test\WS_Test.vcxproj", "{B70C0E1E-5BDC-42EC-B70E-48B137DFD983}"
EndProject
Global
	GlobalSection(SolutionConfigurationPlatforms) = preSolution
		Debug|Win32 = Debug|Win32
		Release|Win32 = Release|Win32
	EndGlobalSection
	GlobalSection(ProjectConfigurationPlatforms) = postSolution
		{20061962-AEAF-4E18-9F62-12C327F48EA7}.Debug|Win32.ActiveCfg = Debug|Win32
		{20061962-AEAF-4E18-9F62-12C327F48EA7}.Debug|Win32.Build.0 = Debug|Win32
		{20061962-AEAF-4E18-9F62-12C327F48EA7}.Release|Win32.ActiveCfg = Release|Win32
		{20061962-AEAF-4E18-9F62-12C327F48EA7}.Release|Win32.Build.0 = Release|Win32
		{31500CDE-0898-4CD9-B03B-1BAEA49AB0A1}.Debug|Win32.ActiveCfg = Debug|Win32
		{31500CDE-0898-4CD9-B03B-1BAEA49AB0A1}.Debug|Win32.Build.0 = Debug|Win32
		{31500CDE-0898-4CD9-B03B-1BAEA49AB0A1}.Release|Win32.ActiveCfg = Release|Win32
		{31500CDE-0898-4CD9-B03B-1BAEA49AB0A1}.Release|Win32.Build.0 = Release|Win32
		{AAAF411B-5385-4DCC-9288-7F9F6A0B2121}.Debug|Win32.ActiveCfg = Debug|Win32
		{AAAF411B-5385-4DCC-9288-7F9F6A0B2121}.Debug|Win32.Build.0 = Debug|Win32
		{AAAF411B-5385-4DCC-9288-7F9F6A0B2121}.Release|Win32.ActiveCfg = Release|Win32
		{AAAF411B-5385-4DCC-9288-7F9F6A0B2121}.Release|Win32.Build.0 = Release|Win32
		{AC2A176B-4BEE-4307-B47F-F013CA67D4E2}.Debug|Win32.ActiveCfg = Debug|Win32
		{AC2A176B-4BEE-4307-B47F-F013CA67D4E2}.Debug|Win32.Build.0 = Debug|Win32
		{AC2A176B-4BEE-4307-B47F-F013CA67D4E2}.Release|Win32.ActiveCfg = Release|Win32
		{AC2A176B-4BEE-4307-B47F-F013CA67D4E2}.Release|Win32.Build.0 = Release|Win32
		{4E8E9497-B006-4295-80AE-4F925F336A19}.Debug|Win32.ActiveCfg = Debug|Win32
		{4E8E9497-B006-4295-80AE-4F925F336A19}.Debug|Win32.Build.0 = Debug|Win32
		{4E8E9497-B006-4295-80AE-4F925F336A19}.Release|Win32.ActiveCfg = Release|Win32
		{4E8E9497-B006-4295-80AE-4F925F336A19}.Release|Win32.Build.0 = Release|Win32
		{33AFB838-4A1F-4FB1-B4C7-7880602AD3C8}.Debug|Win32.ActiveCfg = Debug|Win32
		{33AFB838-4A1F-4FB1-B4C7-7880602AD3C8}.Debug|Win32.Build.0 = Debug|Win32
		{33AFB838-4A1F-4FB1-B4C7-7880602AD3C8}.Release|Win32.ActiveCfg = Release|Win32
		{33AFB838-4A1F-4FB1-B4C7-7880602AD3C8}.Release|Win32.Build.0 = Release|Win32
		{CA48BB60-2541-41C7-8760-02E9C2335D17}.Debug|Win32.ActiveCfg = Debug|Win32
		{CA48BB60-2541-41C7-8760-02E9C2335D17}.Debug|Win32.Build.0 = Debug|Win32
		{CA48BB60-2541-41C7-8760-02E9C2335D17}.Release|Win32.ActiveCfg = Release|Win32
		{CA48BB60-2541-41C7-8760-02E9C2335D17}.Release|Win32.Build.0 = Release|Win32
		{5AE65DEE-233B-42F2-AB0C-B539D3F926EB}.Debug|Win32.ActiveCfg = Debug|Win32
		{5AE65DEE-233B-42F2-AB0C-B539D3F926EB}.Debug|Win32.Build.0 = Debug|Win32
		{5AE65DEE-233B-42F2-AB0C-B539D3F926EB}.Release|Win32.ActiveCfg = Release|Win32
		{5AE65DEE-233B-42F2-AB0C-B539D3F926EB}.Release|Win32.Build.0 = Release|Win32
		{FA6BCDDB-A329-46C7-A2DD-49661D39B516}.Debug|Win32.ActiveCfg = Debug|Win32
		{FA6BCDDB-A329-46C7-A2DD-49661D39B516}.Debug|Win32.Build.0 = Debug|Win32
		{FA6BCDDB-A329-46C7-A2DD-49661D39B516}.Release|Win32.ActiveCfg = Release|Win32
		{FA6BCDDB-A329-46C7-A2DD-49661D39B516}.Release|Win32.Build.0 = Release|Win32
		{B70C0E1E-5BDC-42EC-B70E-48B137DFD983}.Debug|Win32.ActiveCfg = Debug|Win32
		{B70C0E1E-5BDC-42EC-B70E-48B137DFD983}.Debug|Win32.Build.0 = Debug|Win32
		{B70C0E1E-5BDC-42EC-B70E-48B137DFD983}.Release|Win32.ActiveCfg = Release|Win32
		{B70C0E1E-5BDC-42EC-B70E-48B137DFD983}.Release|Win32.Build.0 = Release|Win32
	EndGlobalSection
	GlobalSection(SolutionProperties) = preSolution
		HideSolutionNode = FALSE
	EndGlobalSection
EndGlobal
