
Microsoft Visual Studio Solution File, Format Version 11.00
# Visual Studio 2010
Project("{8BC9CEB8-8B4A-11D0-8D11-00A0C91BC942}") = "NYOJ276_CompareLettersSize", "NYOJ276_CompareLettersSize\NYOJ276_CompareLettersSize.vcxproj", "{20061962-AEAF-4E18-9F62-12C327F48EA7}"
EndProject
Project("{8BC9CEB8-8B4A-11D0-8D11-00A0C91BC942}") = "NYOJ025_FamousMusicComposer", "NYOJ025_FamousMusicComposer\NYOJ025_FamousMusicComposer.vcxproj", "{31500CDE-0898-4CD9-B03B-1BAEA49AB0A1}"
EndProject
Project("{8BC9CEB8-8B4A-11D0-8D11-00A0C91BC942}") = "NYOJ255_RandomNumberofCXiaojia", "NYOJ255_RandomNumberofCXiaojia\NYOJ255_RandomNumberofCXiaojia.vcxproj", "{AAAF411B-5385-4DCC-9288-7F9F6A0B2121}"
EndProject
Project("{8BC9CEB8-8B4A-11D0-8D11-00A0C91BC942}") = "NYOJ273_SmallGameofLetter", "NYOJ273_SmallGameofLetter\NYOJ273_SmallGameofLetter.vcxproj", "{AC2A176B-4BEE-4307-B47F-F013CA67D4E2}"
EndProject
Project("{8BC9CEB8-8B4A-11D0-8D11-00A0C91BC942}") = "TecentHackathon_ImageMatching", "TecentHackathon_ImageMatching\TecentHackathon_ImageMatching.vcxproj", "{4E8E9497-B006-4295-80AE-4F925F336A19}"
EndProject
Project("{8BC9CEB8-8B4A-11D0-8D11-00A0C91BC942}") = "HOJ4506_HelpXiaoming", "HOJ4506_HelpXiaoming\HOJ4506_HelpXiaoming.vcxproj", "{33AFB838-4A1F-4FB1-B4C7-7880602AD3C8}"
EndProject
Project("{8BC9CEB8-8B4A-11D0-8D11-00A0C91BC942}") = "TecentHackathon_ForthPreliminary", "TecentHackathon_ForthPreliminary\TecentHackathon_ForthPreliminary.vcxproj", "{CA48BB60-2541-41C7-8760-02E9C2335D17}"
EndProject
Project("{8BC9CEB8-8B4A-11D0-8D11-00A0C91BC942}") = "HOJ4500_SmallQSeriesofStories-CockWireCounteroffensives", "HOJ4500_SmallQSeriesofStories-CockWireCounteroffensives\HOJ4500_SmallQSeriesofStories-CockWireCounteroffensives.vcxproj", "{5AE65DEE-233B-42F2-AB0C-B539D3F926EB}"
EndProject
Project("{8BC9CEB8-8B4A-11D0-8D11-00A0C91BC942}") = "TecentHackathon_QuarterFinal", "TecentHackathon_QuarterFinal\TecentHackathon_QuarterFinal.vcxproj", "{FA6BCDDB-A329-46C7-A2DD-49661D39B516}"
EndProject
Project("{8BC9CEB8-8B4A-11D0-8D11-00A0C91BC942}") = "WS_Test", "WS_Test\WS_Test.vcxproj", "{B70C0E1E-5BDC-42EC-B70E-48B137DFD983}"
EndProject
Project("{8BC9CEB8-8B4A-11D0-8D11-00A0C91BC942}") = "NYOJ034_HanXinPointSoldier", "NYOJ034_HanXinPointSoldier\NYOJ034_HanXinPointSoldier.vcxproj", "{DBBDCD8A-5D4E-435C-B8CF-136BEFCC8BDF}"
EndProject
Project("{8BC9CEB8-8B4A-11D0-8D11-00A0C91BC942}") = "NYOJ169_PrimeNumber", "NYOJ169_PrimeNumber\NYOJ169_PrimeNumber.vcxproj", "{0F1E11DC-444D-43B0-A3F1-7327AA1337E5}"
EndProject
Project("{8BC9CEB8-8B4A-11D0-8D11-00A0C91BC942}") = "NYOJ268_HollandFlagProblem", "NYOJ268_HollandFlagProblem\NYOJ268_HollandFlagProblem.vcxproj", "{A852FBB0-753A-49A7-89A0-0A1441645896}"
EndProject
Project("{8BC9CEB8-8B4A-11D0-8D11-00A0C91BC942}") = "NYOJ275_TeamSpentTroubleOne", "NYOJ275_TeamSpentTroubleOne\NYOJ275_TeamSpentTroubleOne.vcxproj", "{E995A0E3-34A5-4B7E-82F8-2225118410FF}"
EndProject
Project("{8BC9CEB8-8B4A-11D0-8D11-00A0C91BC942}") = "NYOJ274_CircumcircleofTriangleArea", "NYOJ274_CircumcircleofTriangleArea\NYOJ274_CircumcircleofTriangleArea.vcxproj", "{50CB5791-75FF-4327-A7A7-953472548240}"
EndProject
Project("{8BC9CEB8-8B4A-11D0-8D11-00A0C91BC942}") = "NYOJ227_LicensePlateNumber", "NYOJ227_LicensePlateNumber\NYOJ227_LicensePlateNumber.vcxproj", "{94A2A96B-5484-40D5-B731-A23524D10017}"
EndProject
Project("{8BC9CEB8-8B4A-11D0-8D11-00A0C91BC942}") = "NYOJ324_MonkeyEatPeach", "NYOJ324_MonkeyEatPeach\NYOJ324_MonkeyEatPeach.vcxproj", "{F892CEF0-7FF9-452C-9DD3-B6A68546274F}"
EndProject
Project("{8BC9CEB8-8B4A-11D0-8D11-00A0C91BC942}") = "NYOJ484_TheFamousClock", "NYOJ484_TheFamousClock\NYOJ484_TheFamousClock.vcxproj", "{A5051965-C989-4F5E-A758-816D2E0796C3}"
EndProject
Project("{8BC9CEB8-8B4A-11D0-8D11-00A0C91BC942}") = "NYOJ599_LittleSnailForStruggle", "NYOJ599_LittleSnailForStruggle\NYOJ599_LittleSnailForStruggle.vcxproj", "{70C0250E-8301-4640-AA9C-3DCF1E8DD811}"
EndProject
Project("{8BC9CEB8-8B4A-11D0-8D11-00A0C91BC942}") = "NYOJ733_HalloweenParty", "NYOJ733_HalloweenParty\NYOJ733_HalloweenParty.vcxproj", "{AF955C24-F362-4456-9D76-6A1FC8E31B3F}"
EndProject
Project("{8BC9CEB8-8B4A-11D0-8D11-00A0C91BC942}") = "NYOJ779_LanzhouBakedWheatCake", "NYOJ779_LanzhouBakedWheatCake\NYOJ779_LanzhouBakedWheatCake.vcxproj", "{D15F575E-4F88-47F8-96EA-856FB8D2F86A}"
EndProject
Project("{8BC9CEB8-8B4A-11D0-8D11-00A0C91BC942}") = "NYOJ811_AbnormalMaxium", "NYOJ811_AbnormalMaxium\NYOJ811_AbnormalMaxium.vcxproj", "{69AEBCC4-05C1-4EE9-98C4-30A03D13A366}"
EndProject
Project("{8BC9CEB8-8B4A-11D0-8D11-00A0C91BC942}") = "NYOJ813_Beatdown", "NYOJ813_Beatdown\NYOJ813_Beatdown.vcxproj", "{82B7AE09-2FC4-4958-B624-1452A6774A96}"
EndProject
Project("{8BC9CEB8-8B4A-11D0-8D11-00A0C91BC942}") = "NYOJ822_DrawPic", "NYOJ822_DrawPic\NYOJ822_DrawPic.vcxproj", "{1B240663-4C63-4C26-A879-61F7EBF2E5CD}"
EndProject
Project("{8BC9CEB8-8B4A-11D0-8D11-00A0C91BC942}") = "NYOJ833_TakeStone", "NYOJ833_TakeStone\NYOJ833_TakeStone.vcxproj", "{518B33FA-FFCB-4588-B174-F88BBF5B646D}"
EndProject
Project("{8BC9CEB8-8B4A-11D0-8D11-00A0C91BC942}") = "NYOJ844_APlusBProblem", "NYOJ844_APlusBProblem\NYOJ844_APlusBProblem.vcxproj", "{26D70998-2175-42B5-AB89-F95C0A4D6921}"
EndProject
Project("{8BC9CEB8-8B4A-11D0-8D11-00A0C91BC942}") = "NYOJ845_NoLandOne", "NYOJ845_NoLandOne\NYOJ845_NoLandOne.vcxproj", "{92B11180-2E81-475C-A0BA-1005D2381886}"
EndProject
Project("{8BC9CEB8-8B4A-11D0-8D11-00A0C91BC942}") = "NYOJ975_About521", "NYOJ975_About521\NYOJ975_About521.vcxproj", "{9B6170FD-D3DD-4548-9279-31213435E5D6}"
EndProject
Project("{8BC9CEB8-8B4A-11D0-8D11-00A0C91BC942}") = "NYOJ915_PlusMinusString", "NYOJ915_PlusMinusString\NYOJ915_PlusMinusString.vcxproj", "{3F264DB3-3FF3-4BAE-8B3E-068F4F01BE90}"
EndProject
Project("{8BC9CEB8-8B4A-11D0-8D11-00A0C91BC942}") = "SOJ0031_DaffodilNumber", "SOJ0031_DaffodilNumber\SOJ0031_DaffodilNumber.vcxproj", "{533A351D-01E7-4096-8615-71335D97089A}"
EndProject
Project("{8BC9CEB8-8B4A-11D0-8D11-00A0C91BC942}") = "NYOJ006_WaterSprayDeviceOne", "NYOJ006_WaterSprayDeviceOne\NYOJ006_WaterSprayDeviceOne.vcxproj", "{B2E17ACA-4D19-486D-AA19-A679E8A9A5F2}"
EndProject
Project("{8BC9CEB8-8B4A-11D0-8D11-00A0C91BC942}") = "NYOJ106_Knapsack", "NYOJ106_Knapsack\NYOJ106_Knapsack.vcxproj", "{019E6B09-98FC-4E7D-834A-F5432234990B}"
EndProject
Project("{8BC9CEB8-8B4A-11D0-8D11-00A0C91BC942}") = "NYOJ448_FindMax", "NYOJ448_FindMax\NYOJ448_FindMax.vcxproj", "{49417D4A-57E9-4296-B4BA-A94C84F0E34A}"
EndProject
Global
	GlobalSection(SolutionConfigurationPlatforms) = preSolution
		Debug|Win32 = Debug|Win32
		Release|Win32 = Release|Win32
	EndGlobalSection
	GlobalSection(ProjectConfigurationPlatforms) = postSolution
		{20061962-AEAF-4E18-9F62-12C327F48EA7}.Debug|Win32.ActiveCfg = Debug|Win32
		{20061962-AEAF-4E18-9F62-12C327F48EA7}.Debug|Win32.Build.0 = Debug|Win32
		{20061962-AEAF-4E18-9F62-12C327F48EA7}.Release|Win32.ActiveCfg = Release|Win32
		{20061962-AEAF-4E18-9F62-12C327F48EA7}.Release|Win32.Build.0 = Release|Win32
		{31500CDE-0898-4CD9-B03B-1BAEA49AB0A1}.Debug|Win32.ActiveCfg = Debug|Win32
		{31500CDE-0898-4CD9-B03B-1BAEA49AB0A1}.Debug|Win32.Build.0 = Debug|Win32
		{31500CDE-0898-4CD9-B03B-1BAEA49AB0A1}.Release|Win32.ActiveCfg = Release|Win32
		{31500CDE-0898-4CD9-B03B-1BAEA49AB0A1}.Release|Win32.Build.0 = Release|Win32
		{AAAF411B-5385-4DCC-9288-7F9F6A0B2121}.Debug|Win32.ActiveCfg = Debug|Win32
		{AAAF411B-5385-4DCC-9288-7F9F6A0B2121}.Debug|Win32.Build.0 = Debug|Win32
		{AAAF411B-5385-4DCC-9288-7F9F6A0B2121}.Release|Win32.ActiveCfg = Release|Win32
		{AAAF411B-5385-4DCC-9288-7F9F6A0B2121}.Release|Win32.Build.0 = Release|Win32
		{AC2A176B-4BEE-4307-B47F-F013CA67D4E2}.Debug|Win32.ActiveCfg = Debug|Win32
		{AC2A176B-4BEE-4307-B47F-F013CA67D4E2}.Debug|Win32.Build.0 = Debug|Win32
		{AC2A176B-4BEE-4307-B47F-F013CA67D4E2}.Release|Win32.ActiveCfg = Release|Win32
		{AC2A176B-4BEE-4307-B47F-F013CA67D4E2}.Release|Win32.Build.0 = Release|Win32
		{4E8E9497-B006-4295-80AE-4F925F336A19}.Debug|Win32.ActiveCfg = Debug|Win32
		{4E8E9497-B006-4295-80AE-4F925F336A19}.Debug|Win32.Build.0 = Debug|Win32
		{4E8E9497-B006-4295-80AE-4F925F336A19}.Release|Win32.ActiveCfg = Release|Win32
		{4E8E9497-B006-4295-80AE-4F925F336A19}.Release|Win32.Build.0 = Release|Win32
		{33AFB838-4A1F-4FB1-B4C7-7880602AD3C8}.Debug|Win32.ActiveCfg = Debug|Win32
		{33AFB838-4A1F-4FB1-B4C7-7880602AD3C8}.Debug|Win32.Build.0 = Debug|Win32
		{33AFB838-4A1F-4FB1-B4C7-7880602AD3C8}.Release|Win32.ActiveCfg = Release|Win32
		{33AFB838-4A1F-4FB1-B4C7-7880602AD3C8}.Release|Win32.Build.0 = Release|Win32
		{CA48BB60-2541-41C7-8760-02E9C2335D17}.Debug|Win32.ActiveCfg = Debug|Win32
		{CA48BB60-2541-41C7-8760-02E9C2335D17}.Debug|Win32.Build.0 = Debug|Win32
		{CA48BB60-2541-41C7-8760-02E9C2335D17}.Release|Win32.ActiveCfg = Release|Win32
		{CA48BB60-2541-41C7-8760-02E9C2335D17}.Release|Win32.Build.0 = Release|Win32
		{5AE65DEE-233B-42F2-AB0C-B539D3F926EB}.Debug|Win32.ActiveCfg = Debug|Win32
		{5AE65DEE-233B-42F2-AB0C-B539D3F926EB}.Debug|Win32.Build.0 = Debug|Win32
		{5AE65DEE-233B-42F2-AB0C-B539D3F926EB}.Release|Win32.ActiveCfg = Release|Win32
		{5AE65DEE-233B-42F2-AB0C-B539D3F926EB}.Release|Win32.Build.0 = Release|Win32
		{FA6BCDDB-A329-46C7-A2DD-49661D39B516}.Debug|Win32.ActiveCfg = Debug|Win32
		{FA6BCDDB-A329-46C7-A2DD-49661D39B516}.Debug|Win32.Build.0 = Debug|Win32
		{FA6BCDDB-A329-46C7-A2DD-49661D39B516}.Release|Win32.ActiveCfg = Release|Win32
		{FA6BCDDB-A329-46C7-A2DD-49661D39B516}.Release|Win32.Build.0 = Release|Win32
		{B70C0E1E-5BDC-42EC-B70E-48B137DFD983}.Debug|Win32.ActiveCfg = Debug|Win32
		{B70C0E1E-5BDC-42EC-B70E-48B137DFD983}.Debug|Win32.Build.0 = Debug|Win32
		{B70C0E1E-5BDC-42EC-B70E-48B137DFD983}.Release|Win32.ActiveCfg = Release|Win32
		{B70C0E1E-5BDC-42EC-B70E-48B137DFD983}.Release|Win32.Build.0 = Release|Win32
		{DBBDCD8A-5D4E-435C-B8CF-136BEFCC8BDF}.Debug|Win32.ActiveCfg = Debug|Win32
		{DBBDCD8A-5D4E-435C-B8CF-136BEFCC8BDF}.Debug|Win32.Build.0 = Debug|Win32
		{DBBDCD8A-5D4E-435C-B8CF-136BEFCC8BDF}.Release|Win32.ActiveCfg = Release|Win32
		{DBBDCD8A-5D4E-435C-B8CF-136BEFCC8BDF}.Release|Win32.Build.0 = Release|Win32
		{0F1E11DC-444D-43B0-A3F1-7327AA1337E5}.Debug|Win32.ActiveCfg = Debug|Win32
		{0F1E11DC-444D-43B0-A3F1-7327AA1337E5}.Debug|Win32.Build.0 = Debug|Win32
		{0F1E11DC-444D-43B0-A3F1-7327AA1337E5}.Release|Win32.ActiveCfg = Release|Win32
		{0F1E11DC-444D-43B0-A3F1-7327AA1337E5}.Release|Win32.Build.0 = Release|Win32
		{A852FBB0-753A-49A7-89A0-0A1441645896}.Debug|Win32.ActiveCfg = Debug|Win32
		{A852FBB0-753A-49A7-89A0-0A1441645896}.Debug|Win32.Build.0 = Debug|Win32
		{A852FBB0-753A-49A7-89A0-0A1441645896}.Release|Win32.ActiveCfg = Release|Win32
		{A852FBB0-753A-49A7-89A0-0A1441645896}.Release|Win32.Build.0 = Release|Win32
		{E995A0E3-34A5-4B7E-82F8-2225118410FF}.Debug|Win32.ActiveCfg = Debug|Win32
		{E995A0E3-34A5-4B7E-82F8-2225118410FF}.Debug|Win32.Build.0 = Debug|Win32
		{E995A0E3-34A5-4B7E-82F8-2225118410FF}.Release|Win32.ActiveCfg = Release|Win32
		{E995A0E3-34A5-4B7E-82F8-2225118410FF}.Release|Win32.Build.0 = Release|Win32
		{50CB5791-75FF-4327-A7A7-953472548240}.Debug|Win32.ActiveCfg = Debug|Win32
		{50CB5791-75FF-4327-A7A7-953472548240}.Debug|Win32.Build.0 = Debug|Win32
		{50CB5791-75FF-4327-A7A7-953472548240}.Release|Win32.ActiveCfg = Release|Win32
		{50CB5791-75FF-4327-A7A7-953472548240}.Release|Win32.Build.0 = Release|Win32
		{94A2A96B-5484-40D5-B731-A23524D10017}.Debug|Win32.ActiveCfg = Debug|Win32
		{94A2A96B-5484-40D5-B731-A23524D10017}.Debug|Win32.Build.0 = Debug|Win32
		{94A2A96B-5484-40D5-B731-A23524D10017}.Release|Win32.ActiveCfg = Release|Win32
		{94A2A96B-5484-40D5-B731-A23524D10017}.Release|Win32.Build.0 = Release|Win32
		{F892CEF0-7FF9-452C-9DD3-B6A68546274F}.Debug|Win32.ActiveCfg = Debug|Win32
		{F892CEF0-7FF9-452C-9DD3-B6A68546274F}.Debug|Win32.Build.0 = Debug|Win32
		{F892CEF0-7FF9-452C-9DD3-B6A68546274F}.Release|Win32.ActiveCfg = Release|Win32
		{F892CEF0-7FF9-452C-9DD3-B6A68546274F}.Release|Win32.Build.0 = Release|Win32
		{A5051965-C989-4F5E-A758-816D2E0796C3}.Debug|Win32.ActiveCfg = Debug|Win32
		{A5051965-C989-4F5E-A758-816D2E0796C3}.Debug|Win32.Build.0 = Debug|Win32
		{A5051965-C989-4F5E-A758-816D2E0796C3}.Release|Win32.ActiveCfg = Release|Win32
		{A5051965-C989-4F5E-A758-816D2E0796C3}.Release|Win32.Build.0 = Release|Win32
		{70C0250E-8301-4640-AA9C-3DCF1E8DD811}.Debug|Win32.ActiveCfg = Debug|Win32
		{70C0250E-8301-4640-AA9C-3DCF1E8DD811}.Debug|Win32.Build.0 = Debug|Win32
		{70C0250E-8301-4640-AA9C-3DCF1E8DD811}.Release|Win32.ActiveCfg = Release|Win32
		{70C0250E-8301-4640-AA9C-3DCF1E8DD811}.Release|Win32.Build.0 = Release|Win32
		{AF955C24-F362-4456-9D76-6A1FC8E31B3F}.Debug|Win32.ActiveCfg = Debug|Win32
		{AF955C24-F362-4456-9D76-6A1FC8E31B3F}.Debug|Win32.Build.0 = Debug|Win32
		{AF955C24-F362-4456-9D76-6A1FC8E31B3F}.Release|Win32.ActiveCfg = Release|Win32
		{AF955C24-F362-4456-9D76-6A1FC8E31B3F}.Release|Win32.Build.0 = Release|Win32
		{D15F575E-4F88-47F8-96EA-856FB8D2F86A}.Debug|Win32.ActiveCfg = Debug|Win32
		{D15F575E-4F88-47F8-96EA-856FB8D2F86A}.Debug|Win32.Build.0 = Debug|Win32
		{D15F575E-4F88-47F8-96EA-856FB8D2F86A}.Release|Win32.ActiveCfg = Release|Win32
		{D15F575E-4F88-47F8-96EA-856FB8D2F86A}.Release|Win32.Build.0 = Release|Win32
		{69AEBCC4-05C1-4EE9-98C4-30A03D13A366}.Debug|Win32.ActiveCfg = Debug|Win32
		{69AEBCC4-05C1-4EE9-98C4-30A03D13A366}.Debug|Win32.Build.0 = Debug|Win32
		{69AEBCC4-05C1-4EE9-98C4-30A03D13A366}.Release|Win32.ActiveCfg = Release|Win32
		{69AEBCC4-05C1-4EE9-98C4-30A03D13A366}.Release|Win32.Build.0 = Release|Win32
		{82B7AE09-2FC4-4958-B624-1452A6774A96}.Debug|Win32.ActiveCfg = Debug|Win32
		{82B7AE09-2FC4-4958-B624-1452A6774A96}.Debug|Win32.Build.0 = Debug|Win32
		{82B7AE09-2FC4-4958-B624-1452A6774A96}.Release|Win32.ActiveCfg = Release|Win32
		{82B7AE09-2FC4-4958-B624-1452A6774A96}.Release|Win32.Build.0 = Release|Win32
		{1B240663-4C63-4C26-A879-61F7EBF2E5CD}.Debug|Win32.ActiveCfg = Debug|Win32
		{1B240663-4C63-4C26-A879-61F7EBF2E5CD}.Debug|Win32.Build.0 = Debug|Win32
		{1B240663-4C63-4C26-A879-61F7EBF2E5CD}.Release|Win32.ActiveCfg = Release|Win32
		{1B240663-4C63-4C26-A879-61F7EBF2E5CD}.Release|Win32.Build.0 = Release|Win32
		{518B33FA-FFCB-4588-B174-F88BBF5B646D}.Debug|Win32.ActiveCfg = Debug|Win32
		{518B33FA-FFCB-4588-B174-F88BBF5B646D}.Debug|Win32.Build.0 = Debug|Win32
		{518B33FA-FFCB-4588-B174-F88BBF5B646D}.Release|Win32.ActiveCfg = Release|Win32
		{518B33FA-FFCB-4588-B174-F88BBF5B646D}.Release|Win32.Build.0 = Release|Win32
		{26D70998-2175-42B5-AB89-F95C0A4D6921}.Debug|Win32.ActiveCfg = Debug|Win32
		{26D70998-2175-42B5-AB89-F95C0A4D6921}.Debug|Win32.Build.0 = Debug|Win32
		{26D70998-2175-42B5-AB89-F95C0A4D6921}.Release|Win32.ActiveCfg = Release|Win32
		{26D70998-2175-42B5-AB89-F95C0A4D6921}.Release|Win32.Build.0 = Release|Win32
		{92B11180-2E81-475C-A0BA-1005D2381886}.Debug|Win32.ActiveCfg = Debug|Win32
		{92B11180-2E81-475C-A0BA-1005D2381886}.Debug|Win32.Build.0 = Debug|Win32
		{92B11180-2E81-475C-A0BA-1005D2381886}.Release|Win32.ActiveCfg = Release|Win32
		{92B11180-2E81-475C-A0BA-1005D2381886}.Release|Win32.Build.0 = Release|Win32
		{9B6170FD-D3DD-4548-9279-31213435E5D6}.Debug|Win32.ActiveCfg = Debug|Win32
		{9B6170FD-D3DD-4548-9279-31213435E5D6}.Debug|Win32.Build.0 = Debug|Win32
		{9B6170FD-D3DD-4548-9279-31213435E5D6}.Release|Win32.ActiveCfg = Release|Win32
		{9B6170FD-D3DD-4548-9279-31213435E5D6}.Release|Win32.Build.0 = Release|Win32
		{3F264DB3-3FF3-4BAE-8B3E-068F4F01BE90}.Debug|Win32.ActiveCfg = Debug|Win32
		{3F264DB3-3FF3-4BAE-8B3E-068F4F01BE90}.Debug|Win32.Build.0 = Debug|Win32
		{3F264DB3-3FF3-4BAE-8B3E-068F4F01BE90}.Release|Win32.ActiveCfg = Release|Win32
		{3F264DB3-3FF3-4BAE-8B3E-068F4F01BE90}.Release|Win32.Build.0 = Release|Win32
		{533A351D-01E7-4096-8615-71335D97089A}.Debug|Win32.ActiveCfg = Debug|Win32
		{533A351D-01E7-4096-8615-71335D97089A}.Debug|Win32.Build.0 = Debug|Win32
		{533A351D-01E7-4096-8615-71335D97089A}.Release|Win32.ActiveCfg = Release|Win32
		{533A351D-01E7-4096-8615-71335D97089A}.Release|Win32.Build.0 = Release|Win32
		{B2E17ACA-4D19-486D-AA19-A679E8A9A5F2}.Debug|Win32.ActiveCfg = Debug|Win32
		{B2E17ACA-4D19-486D-AA19-A679E8A9A5F2}.Debug|Win32.Build.0 = Debug|Win32
		{B2E17ACA-4D19-486D-AA19-A679E8A9A5F2}.Release|Win32.ActiveCfg = Release|Win32
		{B2E17ACA-4D19-486D-AA19-A679E8A9A5F2}.Release|Win32.Build.0 = Release|Win32
		{019E6B09-98FC-4E7D-834A-F5432234990B}.Debug|Win32.ActiveCfg = Debug|Win32
		{019E6B09-98FC-4E7D-834A-F5432234990B}.Debug|Win32.Build.0 = Debug|Win32
		{019E6B09-98FC-4E7D-834A-F5432234990B}.Release|Win32.ActiveCfg = Release|Win32
		{019E6B09-98FC-4E7D-834A-F5432234990B}.Release|Win32.Build.0 = Release|Win32
		{49417D4A-57E9-4296-B4BA-A94C84F0E34A}.Debug|Win32.ActiveCfg = Debug|Win32
		{49417D4A-57E9-4296-B4BA-A94C84F0E34A}.Debug|Win32.Build.0 = Debug|Win32
		{49417D4A-57E9-4296-B4BA-A94C84F0E34A}.Release|Win32.ActiveCfg = Release|Win32
		{49417D4A-57E9-4296-B4BA-A94C84F0E34A}.Release|Win32.Build.0 = Release|Win32
	EndGlobalSection
	GlobalSection(SolutionProperties) = preSolution
		HideSolutionNode = FALSE
	EndGlobalSection
EndGlobal
